
Microsoft Visual Studio Solution File, Format Version 12.00
# Visual Studio Version 17
VisualStudioVersion = 17.11.35219.272
MinimumVisualStudioVersion = 10.0.40219.1
Project("{FAE04EC0-301F-11D3-BF4B-00C04F79EFBC}") = "CarRentalSystem", "CarRentalSystem\CarRentalSystem.csproj", "{FC33BC6A-EFD7-43BA-AA87-800F60171332}"
EndProject
Global
	GlobalSection(SolutionConfigurationPlatforms) = preSolution
		Debug|Any CPU = Debug|Any CPU
		Release|Any CPU = Release|Any CPU
	EndGlobalSection
	GlobalSection(ProjectConfigurationPlatforms) = postSolution
		{FC33BC6A-EFD7-43BA-AA87-800F60171332}.Debug|Any CPU.ActiveCfg = Debug|Any CPU
		{FC33BC6A-EFD7-43BA-AA87-800F60171332}.Debug|Any CPU.Build.0 = Debug|Any CPU
		{FC33BC6A-EFD7-43BA-AA87-800F60171332}.Release|Any CPU.ActiveCfg = Release|Any CPU
		{FC33BC6A-EFD7-43BA-AA87-800F60171332}.Release|Any CPU.Build.0 = Release|Any CPU
	EndGlobalSection
	GlobalSection(SolutionProperties) = preSolution
		HideSolutionNode = FALSE
	EndGlobalSection
	GlobalSection(ExtensibilityGlobals) = postSolution
		SolutionGuid = {4A2AE4ED-8E50-44BF-9DE9-03639BB30654}
	EndGlobalSection
EndGlobal
